
Microsoft Visual Studio Solution File, Format Version 12.00
# Visual Studio Version 17
VisualStudioVersion = 17.5.33516.290
MinimumVisualStudioVersion = 10.0.40219.1
Project("{FAE04EC0-301F-11D3-BF4B-00C04F79EFBC}") = "OnlineBookStoreProject", "OnlineBookStoreProject\OnlineBookStoreProject.csproj", "{EA5E656B-C04F-47EC-8D42-2D11EE74FBC8}"
EndProject
Global
	GlobalSection(SolutionConfigurationPlatforms) = preSolution
		Debug|Any CPU = Debug|Any CPU
		Release|Any CPU = Release|Any CPU
	EndGlobalSection
	GlobalSection(ProjectConfigurationPlatforms) = postSolution
		{EA5E656B-C04F-47EC-8D42-2D11EE74FBC8}.Debug|Any CPU.ActiveCfg = Debug|Any CPU
		{EA5E656B-C04F-47EC-8D42-2D11EE74FBC8}.Debug|Any CPU.Build.0 = Debug|Any CPU
		{EA5E656B-C04F-47EC-8D42-2D11EE74FBC8}.Release|Any CPU.ActiveCfg = Release|Any CPU
		{EA5E656B-C04F-47EC-8D42-2D11EE74FBC8}.Release|Any CPU.Build.0 = Release|Any CPU
	EndGlobalSection
	GlobalSection(SolutionProperties) = preSolution
		HideSolutionNode = FALSE
	EndGlobalSection
	GlobalSection(ExtensibilityGlobals) = postSolution
		SolutionGuid = {7706FD0F-1D9A-45CC-898D-141BFE92D1BB}
	EndGlobalSection
EndGlobal
